
Microsoft Visual Studio Solution File, Format Version 12.00
# Visual Studio 2013
VisualStudioVersion = 12.0.31101.0
MinimumVisualStudioVersion = 10.0.40219.1
Project("{FAE04EC0-301F-11D3-BF4B-00C04F79EFBC}") = "Jirabox", "Jirabox\Jirabox.csproj", "{00671C99-305D-4B36-AE3F-8E647ECFF70A}"
EndProject
Project("{FAE04EC0-301F-11D3-BF4B-00C04F79EFBC}") = "Jirabox.Tests", "Jirabox.Tests\Jirabox.Tests.csproj", "{92ED3D6A-D74F-40C3-924F-E988DA543301}"
EndProject
Project("{2150E333-8FDC-42A3-9474-1A3956D46DE8}") = ".nuget", ".nuget", "{1FC98DC7-D708-4CCC-95CB-93BA2AFD5720}"
	ProjectSection(SolutionItems) = preProject
		.nuget\NuGet.Config = .nuget\NuGet.Config
		.nuget\NuGet.exe = .nuget\NuGet.exe
		.nuget\NuGet.targets = .nuget\NuGet.targets
	EndProjectSection
EndProject
Global
	GlobalSection(SolutionConfigurationPlatforms) = preSolution
		Debug|Any CPU = Debug|Any CPU
		Debug|ARM = Debug|ARM
		Debug|Mixed Platforms = Debug|Mixed Platforms
		Debug|x86 = Debug|x86
		Release|Any CPU = Release|Any CPU
		Release|ARM = Release|ARM
		Release|Mixed Platforms = Release|Mixed Platforms
		Release|x86 = Release|x86
	EndGlobalSection
	GlobalSection(ProjectConfigurationPlatforms) = postSolution
		{00671C99-305D-4B36-AE3F-8E647ECFF70A}.Debug|Any CPU.ActiveCfg = Debug|Any CPU
		{00671C99-305D-4B36-AE3F-8E647ECFF70A}.Debug|Any CPU.Build.0 = Debug|Any CPU
		{00671C99-305D-4B36-AE3F-8E647ECFF70A}.Debug|Any CPU.Deploy.0 = Debug|Any CPU
		{00671C99-305D-4B36-AE3F-8E647ECFF70A}.Debug|ARM.ActiveCfg = Debug|ARM
		{00671C99-305D-4B36-AE3F-8E647ECFF70A}.Debug|ARM.Build.0 = Debug|ARM
		{00671C99-305D-4B36-AE3F-8E647ECFF70A}.Debug|ARM.Deploy.0 = Debug|ARM
		{00671C99-305D-4B36-AE3F-8E647ECFF70A}.Debug|Mixed Platforms.ActiveCfg = Debug|Any CPU
		{00671C99-305D-4B36-AE3F-8E647ECFF70A}.Debug|Mixed Platforms.Build.0 = Debug|Any CPU
		{00671C99-305D-4B36-AE3F-8E647ECFF70A}.Debug|Mixed Platforms.Deploy.0 = Debug|Any CPU
		{00671C99-305D-4B36-AE3F-8E647ECFF70A}.Debug|x86.ActiveCfg = Debug|x86
		{00671C99-305D-4B36-AE3F-8E647ECFF70A}.Debug|x86.Build.0 = Debug|x86
		{00671C99-305D-4B36-AE3F-8E647ECFF70A}.Debug|x86.Deploy.0 = Debug|x86
		{00671C99-305D-4B36-AE3F-8E647ECFF70A}.Release|Any CPU.ActiveCfg = Release|Any CPU
		{00671C99-305D-4B36-AE3F-8E647ECFF70A}.Release|Any CPU.Build.0 = Release|Any CPU
		{00671C99-305D-4B36-AE3F-8E647ECFF70A}.Release|Any CPU.Deploy.0 = Release|Any CPU
		{00671C99-305D-4B36-AE3F-8E647ECFF70A}.Release|ARM.ActiveCfg = Release|ARM
		{00671C99-305D-4B36-AE3F-8E647ECFF70A}.Release|ARM.Build.0 = Release|ARM
		{00671C99-305D-4B36-AE3F-8E647ECFF70A}.Release|ARM.Deploy.0 = Release|ARM
		{00671C99-305D-4B36-AE3F-8E647ECFF70A}.Release|Mixed Platforms.ActiveCfg = Release|Any CPU
		{00671C99-305D-4B36-AE3F-8E647ECFF70A}.Release|Mixed Platforms.Build.0 = Release|Any CPU
		{00671C99-305D-4B36-AE3F-8E647ECFF70A}.Release|Mixed Platforms.Deploy.0 = Release|Any CPU
		{00671C99-305D-4B36-AE3F-8E647ECFF70A}.Release|x86.ActiveCfg = Release|x86
		{00671C99-305D-4B36-AE3F-8E647ECFF70A}.Release|x86.Build.0 = Release|x86
		{00671C99-305D-4B36-AE3F-8E647ECFF70A}.Release|x86.Deploy.0 = Release|x86
		{92ED3D6A-D74F-40C3-924F-E988DA543301}.Debug|Any CPU.ActiveCfg = Debug|x86
		{92ED3D6A-D74F-40C3-924F-E988DA543301}.Debug|ARM.ActiveCfg = Debug|ARM
		{92ED3D6A-D74F-40C3-924F-E988DA543301}.Debug|ARM.Build.0 = Debug|ARM
		{92ED3D6A-D74F-40C3-924F-E988DA543301}.Debug|ARM.Deploy.0 = Debug|ARM
		{92ED3D6A-D74F-40C3-924F-E988DA543301}.Debug|Mixed Platforms.ActiveCfg = Debug|x86
		{92ED3D6A-D74F-40C3-924F-E988DA543301}.Debug|x86.ActiveCfg = Debug|x86
		{92ED3D6A-D74F-40C3-924F-E988DA543301}.Debug|x86.Build.0 = Debug|x86
		{92ED3D6A-D74F-40C3-924F-E988DA543301}.Debug|x86.Deploy.0 = Debug|x86
		{92ED3D6A-D74F-40C3-924F-E988DA543301}.Release|Any CPU.ActiveCfg = Release|x86
		{92ED3D6A-D74F-40C3-924F-E988DA543301}.Release|ARM.ActiveCfg = Release|ARM
		{92ED3D6A-D74F-40C3-924F-E988DA543301}.Release|ARM.Build.0 = Release|ARM
		{92ED3D6A-D74F-40C3-924F-E988DA543301}.Release|ARM.Deploy.0 = Release|ARM
		{92ED3D6A-D74F-40C3-924F-E988DA543301}.Release|Mixed Platforms.ActiveCfg = Release|x86
		{92ED3D6A-D74F-40C3-924F-E988DA543301}.Release|x86.ActiveCfg = Release|x86
		{92ED3D6A-D74F-40C3-924F-E988DA543301}.Release|x86.Build.0 = Release|x86
		{92ED3D6A-D74F-40C3-924F-E988DA543301}.Release|x86.Deploy.0 = Release|x86
	EndGlobalSection
	GlobalSection(SolutionProperties) = preSolution
		HideSolutionNode = FALSE
	EndGlobalSection
EndGlobal
